
Microsoft Visual Studio Solution File, Format Version 9.00
# Visual Studio 2005
Project("{E24C65DC-7377-472B-9ABA-BC803B73C61A}") = "C:\...\WebSite1\", "WebSite1\", "{003F09DB-5A18-4487-9136-7B89796AE4CC}"
	ProjectSection(WebsiteProperties) = preProject
		Debug.AspNetCompiler.VirtualPath = "/WebSite1"
		Debug.AspNetCompiler.PhysicalPath = "E:\RootCAwebpage\WebSite1\"
		Debug.AspNetCompiler.TargetPath = "PrecompiledWeb\WebSite1\"
		Debug.AspNetCompiler.Updateable = "true"
		Debug.AspNetCompiler.ForceOverwrite = "true"
		Debug.AspNetCompiler.FixedNames = "false"
		Debug.AspNetCompiler.Debug = "True"
		Release.AspNetCompiler.VirtualPath = "/WebSite1"
		Release.AspNetCompiler.PhysicalPath = "E:\RootCAwebpage\WebSite1\"
		Release.AspNetCompiler.TargetPath = "PrecompiledWeb\WebSite1\"
		Release.AspNetCompiler.Updateable = "true"
		Release.AspNetCompiler.ForceOverwrite = "true"
		Release.AspNetCompiler.FixedNames = "false"
		Release.AspNetCompiler.Debug = "False"
		VWDPort = "51374"
	EndProjectSection
EndProject
Project("{FAE04EC0-301F-11D3-BF4B-00C04F79EFBC}") = "RootCA.BusinessLogic", "RootCA.BusinessLogic\RootCA.BusinessLogic.csproj", "{7EC0F046-5F32-4639-A594-5F3A92AC9EB0}"
EndProject
Project("{FAE04EC0-301F-11D3-BF4B-00C04F79EFBC}") = "RootCA.DataAccess", "RootCA.DataAccess\RootCA.DataAccess.csproj", "{40DCA3A2-8B40-4D4D-827E-55AF9686C2FE}"
EndProject
Global
	GlobalSection(SolutionConfigurationPlatforms) = preSolution
		Debug|.NET = Debug|.NET
		Debug|Any CPU = Debug|Any CPU
		Debug|Mixed Platforms = Debug|Mixed Platforms
		Release|.NET = Release|.NET
		Release|Any CPU = Release|Any CPU
		Release|Mixed Platforms = Release|Mixed Platforms
	EndGlobalSection
	GlobalSection(ProjectConfigurationPlatforms) = postSolution
		{003F09DB-5A18-4487-9136-7B89796AE4CC}.Debug|.NET.ActiveCfg = Debug|.NET
		{003F09DB-5A18-4487-9136-7B89796AE4CC}.Debug|.NET.Build.0 = Debug|.NET
		{003F09DB-5A18-4487-9136-7B89796AE4CC}.Debug|Any CPU.ActiveCfg = Debug|.NET
		{003F09DB-5A18-4487-9136-7B89796AE4CC}.Debug|Mixed Platforms.ActiveCfg = Debug|.NET
		{003F09DB-5A18-4487-9136-7B89796AE4CC}.Debug|Mixed Platforms.Build.0 = Debug|.NET
		{003F09DB-5A18-4487-9136-7B89796AE4CC}.Release|.NET.ActiveCfg = Debug|.NET
		{003F09DB-5A18-4487-9136-7B89796AE4CC}.Release|.NET.Build.0 = Debug|.NET
		{003F09DB-5A18-4487-9136-7B89796AE4CC}.Release|Any CPU.ActiveCfg = Debug|.NET
		{003F09DB-5A18-4487-9136-7B89796AE4CC}.Release|Mixed Platforms.ActiveCfg = Debug|.NET
		{003F09DB-5A18-4487-9136-7B89796AE4CC}.Release|Mixed Platforms.Build.0 = Debug|.NET
		{7EC0F046-5F32-4639-A594-5F3A92AC9EB0}.Debug|.NET.ActiveCfg = Debug|Any CPU
		{7EC0F046-5F32-4639-A594-5F3A92AC9EB0}.Debug|Any CPU.ActiveCfg = Debug|Any CPU
		{7EC0F046-5F32-4639-A594-5F3A92AC9EB0}.Debug|Any CPU.Build.0 = Debug|Any CPU
		{7EC0F046-5F32-4639-A594-5F3A92AC9EB0}.Debug|Mixed Platforms.ActiveCfg = Debug|Any CPU
		{7EC0F046-5F32-4639-A594-5F3A92AC9EB0}.Debug|Mixed Platforms.Build.0 = Debug|Any CPU
		{7EC0F046-5F32-4639-A594-5F3A92AC9EB0}.Release|.NET.ActiveCfg = Release|Any CPU
		{7EC0F046-5F32-4639-A594-5F3A92AC9EB0}.Release|Any CPU.ActiveCfg = Release|Any CPU
		{7EC0F046-5F32-4639-A594-5F3A92AC9EB0}.Release|Any CPU.Build.0 = Release|Any CPU
		{7EC0F046-5F32-4639-A594-5F3A92AC9EB0}.Release|Mixed Platforms.ActiveCfg = Release|Any CPU
		{7EC0F046-5F32-4639-A594-5F3A92AC9EB0}.Release|Mixed Platforms.Build.0 = Release|Any CPU
		{40DCA3A2-8B40-4D4D-827E-55AF9686C2FE}.Debug|.NET.ActiveCfg = Debug|Any CPU
		{40DCA3A2-8B40-4D4D-827E-55AF9686C2FE}.Debug|Any CPU.ActiveCfg = Debug|Any CPU
		{40DCA3A2-8B40-4D4D-827E-55AF9686C2FE}.Debug|Any CPU.Build.0 = Debug|Any CPU
		{40DCA3A2-8B40-4D4D-827E-55AF9686C2FE}.Debug|Mixed Platforms.ActiveCfg = Debug|Any CPU
		{40DCA3A2-8B40-4D4D-827E-55AF9686C2FE}.Debug|Mixed Platforms.Build.0 = Debug|Any CPU
		{40DCA3A2-8B40-4D4D-827E-55AF9686C2FE}.Release|.NET.ActiveCfg = Release|Any CPU
		{40DCA3A2-8B40-4D4D-827E-55AF9686C2FE}.Release|Any CPU.ActiveCfg = Release|Any CPU
		{40DCA3A2-8B40-4D4D-827E-55AF9686C2FE}.Release|Any CPU.Build.0 = Release|Any CPU
		{40DCA3A2-8B40-4D4D-827E-55AF9686C2FE}.Release|Mixed Platforms.ActiveCfg = Release|Any CPU
		{40DCA3A2-8B40-4D4D-827E-55AF9686C2FE}.Release|Mixed Platforms.Build.0 = Release|Any CPU
	EndGlobalSection
	GlobalSection(SolutionProperties) = preSolution
		HideSolutionNode = FALSE
	EndGlobalSection
EndGlobal
